
Microsoft Visual Studio Solution File, Format Version 12.00
# Visual Studio Version 17
VisualStudioVersion = 17.0.32112.339
MinimumVisualStudioVersion = 10.0.40219.1
Project("{2150E333-8FDC-42A3-9474-1A3956D46DE8}") = "Solution Items", "Solution Items", "{719C113A-6804-4150-8473-BF889F06DFD6}"
	ProjectSection(SolutionItems) = preProject
		.editorconfig = .editorconfig
		global.json = global.json
		NuGet.config = NuGet.config
		.github\workflows\publish-beta.yml = .github\workflows\publish-beta.yml
		.github\workflows\publish.yml = .github\workflows\publish.yml
		Readme.MD = Readme.MD
	EndProjectSection
EndProject
Project("{9A19103F-16F7-4668-BE54-9A1E7A4F7556}") = "DH.SKIT.FlurlHttpClient.Wechat.Ads", "DH.SKIT.FlurlHttpClient.Wechat.Ads\DH.SKIT.FlurlHttpClient.Wechat.Ads.csproj", "{2B4793CE-80F1-4D8C-8287-ECE1E031CE41}"
EndProject
Project("{FAE04EC0-301F-11D3-BF4B-00C04F79EFBC}") = "DH.SKIT.FlurlHttpClient.Wechat.Api", "DH.SKIT.FlurlHttpClient.Wechat.Api\DH.SKIT.FlurlHttpClient.Wechat.Api.csproj", "{0BA4E725-C41A-0629-DB15-A4BD28B6A1E6}"
EndProject
Project("{FAE04EC0-301F-11D3-BF4B-00C04F79EFBC}") = "DH.SKIT.FlurlHttpClient.Wechat.OpenAI", "DH.SKIT.FlurlHttpClient.Wechat.OpenAI\DH.SKIT.FlurlHttpClient.Wechat.OpenAI.csproj", "{C75B76DE-4D2D-D8DD-E6DA-F1F59C5D815D}"
EndProject
Project("{FAE04EC0-301F-11D3-BF4B-00C04F79EFBC}") = "DH.SKIT.FlurlHttpClient.Wechat.TenpayBusiness", "DH.SKIT.FlurlHttpClient.Wechat.TenpayBusiness\DH.SKIT.FlurlHttpClient.Wechat.TenpayBusiness.csproj", "{1EDBAC8E-BEE6-4BEB-7AB1-E90E8489DE5F}"
EndProject
Project("{FAE04EC0-301F-11D3-BF4B-00C04F79EFBC}") = "DH.SKIT.FlurlHttpClient.Wechat.TenpayV2", "DH.SKIT.FlurlHttpClient.Wechat.TenpayV2\DH.SKIT.FlurlHttpClient.Wechat.TenpayV2.csproj", "{71CD04F9-62C1-CD19-E5FF-D705CCD9E279}"
EndProject
Project("{FAE04EC0-301F-11D3-BF4B-00C04F79EFBC}") = "DH.SKIT.FlurlHttpClient.Wechat.TenpayV3", "DH.SKIT.FlurlHttpClient.Wechat.TenpayV3\DH.SKIT.FlurlHttpClient.Wechat.TenpayV3.csproj", "{D1065F33-2612-CD6E-EF5C-C90177272500}"
EndProject
Project("{FAE04EC0-301F-11D3-BF4B-00C04F79EFBC}") = "DH.SKIT.FlurlHttpClient.Wechat.Work", "DH.SKIT.FlurlHttpClient.Wechat.Work\DH.SKIT.FlurlHttpClient.Wechat.Work.csproj", "{6522ACD6-2DEB-33FF-D17A-2D6809B8B2B8}"
EndProject
Global
	GlobalSection(SolutionConfigurationPlatforms) = preSolution
		Debug|Any CPU = Debug|Any CPU
		Release|Any CPU = Release|Any CPU
	EndGlobalSection
	GlobalSection(ProjectConfigurationPlatforms) = postSolution
		{2B4793CE-80F1-4D8C-8287-ECE1E031CE41}.Debug|Any CPU.ActiveCfg = Debug|Any CPU
		{2B4793CE-80F1-4D8C-8287-ECE1E031CE41}.Debug|Any CPU.Build.0 = Debug|Any CPU
		{2B4793CE-80F1-4D8C-8287-ECE1E031CE41}.Release|Any CPU.ActiveCfg = Release|Any CPU
		{2B4793CE-80F1-4D8C-8287-ECE1E031CE41}.Release|Any CPU.Build.0 = Release|Any CPU
		{0BA4E725-C41A-0629-DB15-A4BD28B6A1E6}.Debug|Any CPU.ActiveCfg = Debug|Any CPU
		{0BA4E725-C41A-0629-DB15-A4BD28B6A1E6}.Debug|Any CPU.Build.0 = Debug|Any CPU
		{0BA4E725-C41A-0629-DB15-A4BD28B6A1E6}.Release|Any CPU.ActiveCfg = Release|Any CPU
		{0BA4E725-C41A-0629-DB15-A4BD28B6A1E6}.Release|Any CPU.Build.0 = Release|Any CPU
		{C75B76DE-4D2D-D8DD-E6DA-F1F59C5D815D}.Debug|Any CPU.ActiveCfg = Debug|Any CPU
		{C75B76DE-4D2D-D8DD-E6DA-F1F59C5D815D}.Debug|Any CPU.Build.0 = Debug|Any CPU
		{C75B76DE-4D2D-D8DD-E6DA-F1F59C5D815D}.Release|Any CPU.ActiveCfg = Release|Any CPU
		{C75B76DE-4D2D-D8DD-E6DA-F1F59C5D815D}.Release|Any CPU.Build.0 = Release|Any CPU
		{1EDBAC8E-BEE6-4BEB-7AB1-E90E8489DE5F}.Debug|Any CPU.ActiveCfg = Debug|Any CPU
		{1EDBAC8E-BEE6-4BEB-7AB1-E90E8489DE5F}.Debug|Any CPU.Build.0 = Debug|Any CPU
		{1EDBAC8E-BEE6-4BEB-7AB1-E90E8489DE5F}.Release|Any CPU.ActiveCfg = Release|Any CPU
		{1EDBAC8E-BEE6-4BEB-7AB1-E90E8489DE5F}.Release|Any CPU.Build.0 = Release|Any CPU
		{71CD04F9-62C1-CD19-E5FF-D705CCD9E279}.Debug|Any CPU.ActiveCfg = Debug|Any CPU
		{71CD04F9-62C1-CD19-E5FF-D705CCD9E279}.Debug|Any CPU.Build.0 = Debug|Any CPU
		{71CD04F9-62C1-CD19-E5FF-D705CCD9E279}.Release|Any CPU.ActiveCfg = Release|Any CPU
		{71CD04F9-62C1-CD19-E5FF-D705CCD9E279}.Release|Any CPU.Build.0 = Release|Any CPU
		{D1065F33-2612-CD6E-EF5C-C90177272500}.Debug|Any CPU.ActiveCfg = Debug|Any CPU
		{D1065F33-2612-CD6E-EF5C-C90177272500}.Debug|Any CPU.Build.0 = Debug|Any CPU
		{D1065F33-2612-CD6E-EF5C-C90177272500}.Release|Any CPU.ActiveCfg = Release|Any CPU
		{D1065F33-2612-CD6E-EF5C-C90177272500}.Release|Any CPU.Build.0 = Release|Any CPU
		{6522ACD6-2DEB-33FF-D17A-2D6809B8B2B8}.Debug|Any CPU.ActiveCfg = Debug|Any CPU
		{6522ACD6-2DEB-33FF-D17A-2D6809B8B2B8}.Debug|Any CPU.Build.0 = Debug|Any CPU
		{6522ACD6-2DEB-33FF-D17A-2D6809B8B2B8}.Release|Any CPU.ActiveCfg = Release|Any CPU
		{6522ACD6-2DEB-33FF-D17A-2D6809B8B2B8}.Release|Any CPU.Build.0 = Release|Any CPU
	EndGlobalSection
	GlobalSection(SolutionProperties) = preSolution
		HideSolutionNode = FALSE
	EndGlobalSection
	GlobalSection(ExtensibilityGlobals) = postSolution
		SolutionGuid = {323831A1-A95B-40AB-B9AD-36A0BC10C2CB}
	EndGlobalSection
EndGlobal
